{
  "name": "gauge.org",
  "version": "1.0.0",
  "lockfileVersion": 1,
  "requires": true,
  "dependencies": {
    "hologram-github-theme": {
      "version": "0.1.4",
      "resolved": "https://registry.npmjs.org/hologram-github-theme/-/hologram-github-theme-0.1.4.tgz",
      "integrity": "sha1-bG0ZJtvHvO0gLYS6vBCWTveV0Tg=",
      "dev": true
    }
  }
}
